// !$*UTF8*$!
{
	archiveVersion = 1;
	classes = {
	};
	objectVersion = 56;
	objects = {

/* Begin PBXBuildFile section */
		44FBB3032906A31000642786 /* BelugaApp.swift in Sources */ = {isa = PBXBuildFile; fileRef = 44FBB3022906A31000642786 /* BelugaApp.swift */; };
		44FBB3052906A31000642786 /* ContentView.swift in Sources */ = {isa = PBXBuildFile; fileRef = 44FBB3042906A31000642786 /* ContentView.swift */; };
		44FBB3072906A31100642786 /* Assets.xcassets in Resources */ = {isa = PBXBuildFile; fileRef = 44FBB3062906A31100642786 /* Assets.xcassets */; };
		44FBB30A2906A31100642786 /* Preview Assets.xcassets in Resources */ = {isa = PBXBuildFile; fileRef = 44FBB3092906A31100642786 /* Preview Assets.xcassets */; };
		44FBB3142906A31200642786 /* BelugaTests.swift in Sources */ = {isa = PBXBuildFile; fileRef = 44FBB3132906A31200642786 /* BelugaTests.swift */; };
		44FBB31E2906A31200642786 /* BelugaUITests.swift in Sources */ = {isa = PBXBuildFile; fileRef = 44FBB31D2906A31200642786 /* BelugaUITests.swift */; };
		44FBB3202906A31200642786 /* BelugaUITestsLaunchTests.swift in Sources */ = {isa = PBXBuildFile; fileRef = 44FBB31F2906A31200642786 /* BelugaUITestsLaunchTests.swift */; };
		44FBB32E290BCD6F00642786 /* TimelineModel.swift in Sources */ = {isa = PBXBuildFile; fileRef = 44FBB32D290BCD6F00642786 /* TimelineModel.swift */; };
		44FBB331290BCF2800642786 /* Message.swift in Sources */ = {isa = PBXBuildFile; fileRef = 44FBB330290BCF2800642786 /* Message.swift */; };
		44FBB333290BD12700642786 /* Channel.swift in Sources */ = {isa = PBXBuildFile; fileRef = 44FBB332290BD12700642786 /* Channel.swift */; };
		44FBB335290BD13300642786 /* User.swift in Sources */ = {isa = PBXBuildFile; fileRef = 44FBB334290BD13300642786 /* User.swift */; };
		44FBB337290BD22E00642786 /* ChannelGroup.swift in Sources */ = {isa = PBXBuildFile; fileRef = 44FBB336290BD22E00642786 /* ChannelGroup.swift */; };
		44FBB339290BD31600642786 /* File.swift in Sources */ = {isa = PBXBuildFile; fileRef = 44FBB338290BD31600642786 /* File.swift */; };
		44FBB33D290BD46900642786 /* TimelineChannelJsonResponse.swift in Sources */ = {isa = PBXBuildFile; fileRef = 44FBB33C290BD46900642786 /* TimelineChannelJsonResponse.swift */; };
		44FBB342290BFB9800642786 /* MessageView.swift in Sources */ = {isa = PBXBuildFile; fileRef = 44FBB341290BFB9800642786 /* MessageView.swift */; };
		44FBB344290BFBDF00642786 /* MessageViewModel.swift in Sources */ = {isa = PBXBuildFile; fileRef = 44FBB343290BFBDF00642786 /* MessageViewModel.swift */; };
		44FBB346290BFEE100642786 /* TimelineViewModel.swift in Sources */ = {isa = PBXBuildFile; fileRef = 44FBB345290BFEE100642786 /* TimelineViewModel.swift */; };
		44FBB348290BFF2500642786 /* TimelineView.swift in Sources */ = {isa = PBXBuildFile; fileRef = 44FBB347290BFF2500642786 /* TimelineView.swift */; };
		44FBB34A290D74B200642786 /* OAuthFunctions.swift in Sources */ = {isa = PBXBuildFile; fileRef = 44FBB349290D74B200642786 /* OAuthFunctions.swift */; };
		44FBB34F290D76CD00642786 /* Config.template.swift in Sources */ = {isa = PBXBuildFile; fileRef = 44FBB34E290D76CD00642786 /* Config.template.swift */; };
		44FBB355290D77AE00642786 /* Config.swift in Sources */ = {isa = PBXBuildFile; fileRef = 44FBB354290D77AE00642786 /* Config.swift */; };
		44FBB358290D780D00642786 /* RequestTokenJsonResponse.swift in Sources */ = {isa = PBXBuildFile; fileRef = 44FBB357290D780D00642786 /* RequestTokenJsonResponse.swift */; };
		44FBB35F290EAF3500642786 /* AccessTokenJsonResponse.swift in Sources */ = {isa = PBXBuildFile; fileRef = 44FBB35E290EAF3500642786 /* AccessTokenJsonResponse.swift */; };
		44FBB362291604C000642786 /* Extension.swift in Sources */ = {isa = PBXBuildFile; fileRef = 44FBB361291604C000642786 /* Extension.swift */; };
		44FBB364291606DE00642786 /* OAuthRequest.swift in Sources */ = {isa = PBXBuildFile; fileRef = 44FBB363291606DE00642786 /* OAuthRequest.swift */; };
		44FBB366291609E600642786 /* OAuthCredential.swift in Sources */ = {isa = PBXBuildFile; fileRef = 44FBB365291609E600642786 /* OAuthCredential.swift */; };
		44FBB36829160C3A00642786 /* OAuthError.swift in Sources */ = {isa = PBXBuildFile; fileRef = 44FBB36729160C3A00642786 /* OAuthError.swift */; };
		44FBB36A29160EAB00642786 /* Endpoint.swift in Sources */ = {isa = PBXBuildFile; fileRef = 44FBB36929160EAB00642786 /* Endpoint.swift */; };
		44FBB36C29161D4400642786 /* EntityProtocol.swift in Sources */ = {isa = PBXBuildFile; fileRef = 44FBB36B29161D4400642786 /* EntityProtocol.swift */; };
		44FBB37029162CC900642786 /* API.swift in Sources */ = {isa = PBXBuildFile; fileRef = 44FBB36F29162CC900642786 /* API.swift */; };
		44FBB37229162EFF00642786 /* JsonResponse.swift in Sources */ = {isa = PBXBuildFile; fileRef = 44FBB37129162EFF00642786 /* JsonResponse.swift */; };
/* End PBXBuildFile section */

/* Begin PBXContainerItemProxy section */
		44FBB3102906A31200642786 /* PBXContainerItemProxy */ = {
			isa = PBXContainerItemProxy;
			containerPortal = 44FBB2F72906A31000642786 /* Project object */;
			proxyType = 1;
			remoteGlobalIDString = 44FBB2FE2906A31000642786;
			remoteInfo = Beluga;
		};
		44FBB31A2906A31200642786 /* PBXContainerItemProxy */ = {
			isa = PBXContainerItemProxy;
			containerPortal = 44FBB2F72906A31000642786 /* Project object */;
			proxyType = 1;
			remoteGlobalIDString = 44FBB2FE2906A31000642786;
			remoteInfo = Beluga;
		};
/* End PBXContainerItemProxy section */

/* Begin PBXFileReference section */
		44FBB2FF2906A31000642786 /* Beluga.app */ = {isa = PBXFileReference; explicitFileType = wrapper.application; includeInIndex = 0; path = Beluga.app; sourceTree = BUILT_PRODUCTS_DIR; };
		44FBB3022906A31000642786 /* BelugaApp.swift */ = {isa = PBXFileReference; lastKnownFileType = sourcecode.swift; path = BelugaApp.swift; sourceTree = "<group>"; };
		44FBB3042906A31000642786 /* ContentView.swift */ = {isa = PBXFileReference; lastKnownFileType = sourcecode.swift; path = ContentView.swift; sourceTree = "<group>"; };
		44FBB3062906A31100642786 /* Assets.xcassets */ = {isa = PBXFileReference; lastKnownFileType = folder.assetcatalog; path = Assets.xcassets; sourceTree = "<group>"; };
		44FBB3092906A31100642786 /* Preview Assets.xcassets */ = {isa = PBXFileReference; lastKnownFileType = folder.assetcatalog; path = "Preview Assets.xcassets"; sourceTree = "<group>"; };
		44FBB30F2906A31200642786 /* BelugaTests.xctest */ = {isa = PBXFileReference; explicitFileType = wrapper.cfbundle; includeInIndex = 0; path = BelugaTests.xctest; sourceTree = BUILT_PRODUCTS_DIR; };
		44FBB3132906A31200642786 /* BelugaTests.swift */ = {isa = PBXFileReference; lastKnownFileType = sourcecode.swift; path = BelugaTests.swift; sourceTree = "<group>"; };
		44FBB3192906A31200642786 /* BelugaUITests.xctest */ = {isa = PBXFileReference; explicitFileType = wrapper.cfbundle; includeInIndex = 0; path = BelugaUITests.xctest; sourceTree = BUILT_PRODUCTS_DIR; };
		44FBB31D2906A31200642786 /* BelugaUITests.swift */ = {isa = PBXFileReference; lastKnownFileType = sourcecode.swift; path = BelugaUITests.swift; sourceTree = "<group>"; };
		44FBB31F2906A31200642786 /* BelugaUITestsLaunchTests.swift */ = {isa = PBXFileReference; lastKnownFileType = sourcecode.swift; path = BelugaUITestsLaunchTests.swift; sourceTree = "<group>"; };
		44FBB32D290BCD6F00642786 /* TimelineModel.swift */ = {isa = PBXFileReference; lastKnownFileType = sourcecode.swift; path = TimelineModel.swift; sourceTree = "<group>"; };
		44FBB330290BCF2800642786 /* Message.swift */ = {isa = PBXFileReference; lastKnownFileType = sourcecode.swift; path = Message.swift; sourceTree = "<group>"; };
		44FBB332290BD12700642786 /* Channel.swift */ = {isa = PBXFileReference; lastKnownFileType = sourcecode.swift; path = Channel.swift; sourceTree = "<group>"; };
		44FBB334290BD13300642786 /* User.swift */ = {isa = PBXFileReference; lastKnownFileType = sourcecode.swift; path = User.swift; sourceTree = "<group>"; };
		44FBB336290BD22E00642786 /* ChannelGroup.swift */ = {isa = PBXFileReference; lastKnownFileType = sourcecode.swift; path = ChannelGroup.swift; sourceTree = "<group>"; };
		44FBB338290BD31600642786 /* File.swift */ = {isa = PBXFileReference; lastKnownFileType = sourcecode.swift; path = File.swift; sourceTree = "<group>"; };
		44FBB33C290BD46900642786 /* TimelineChannelJsonResponse.swift */ = {isa = PBXFileReference; lastKnownFileType = sourcecode.swift; path = TimelineChannelJsonResponse.swift; sourceTree = "<group>"; };
		44FBB341290BFB9800642786 /* MessageView.swift */ = {isa = PBXFileReference; lastKnownFileType = sourcecode.swift; path = MessageView.swift; sourceTree = "<group>"; };
		44FBB343290BFBDF00642786 /* MessageViewModel.swift */ = {isa = PBXFileReference; lastKnownFileType = sourcecode.swift; path = MessageViewModel.swift; sourceTree = "<group>"; };
		44FBB345290BFEE100642786 /* TimelineViewModel.swift */ = {isa = PBXFileReference; lastKnownFileType = sourcecode.swift; path = TimelineViewModel.swift; sourceTree = "<group>"; };
		44FBB347290BFF2500642786 /* TimelineView.swift */ = {isa = PBXFileReference; lastKnownFileType = sourcecode.swift; path = TimelineView.swift; sourceTree = "<group>"; };
		44FBB349290D74B200642786 /* OAuthFunctions.swift */ = {isa = PBXFileReference; lastKnownFileType = sourcecode.swift; path = OAuthFunctions.swift; sourceTree = "<group>"; };
		44FBB34E290D76CD00642786 /* Config.template.swift */ = {isa = PBXFileReference; lastKnownFileType = sourcecode.swift; path = Config.template.swift; sourceTree = "<group>"; };
		44FBB354290D77AE00642786 /* Config.swift */ = {isa = PBXFileReference; lastKnownFileType = sourcecode.swift; path = Config.swift; sourceTree = "<group>"; };
		44FBB357290D780D00642786 /* RequestTokenJsonResponse.swift */ = {isa = PBXFileReference; lastKnownFileType = sourcecode.swift; path = RequestTokenJsonResponse.swift; sourceTree = "<group>"; };
		44FBB35B290D985200642786 /* Info.plist */ = {isa = PBXFileReference; lastKnownFileType = text.plist; path = Info.plist; sourceTree = "<group>"; };
		44FBB35E290EAF3500642786 /* AccessTokenJsonResponse.swift */ = {isa = PBXFileReference; lastKnownFileType = sourcecode.swift; path = AccessTokenJsonResponse.swift; sourceTree = "<group>"; };
		44FBB361291604C000642786 /* Extension.swift */ = {isa = PBXFileReference; lastKnownFileType = sourcecode.swift; path = Extension.swift; sourceTree = "<group>"; };
		44FBB363291606DE00642786 /* OAuthRequest.swift */ = {isa = PBXFileReference; lastKnownFileType = sourcecode.swift; path = OAuthRequest.swift; sourceTree = "<group>"; };
		44FBB365291609E600642786 /* OAuthCredential.swift */ = {isa = PBXFileReference; lastKnownFileType = sourcecode.swift; path = OAuthCredential.swift; sourceTree = "<group>"; };
		44FBB36729160C3A00642786 /* OAuthError.swift */ = {isa = PBXFileReference; lastKnownFileType = sourcecode.swift; path = OAuthError.swift; sourceTree = "<group>"; };
		44FBB36929160EAB00642786 /* Endpoint.swift */ = {isa = PBXFileReference; lastKnownFileType = sourcecode.swift; path = Endpoint.swift; sourceTree = "<group>"; };
		44FBB36B29161D4400642786 /* EntityProtocol.swift */ = {isa = PBXFileReference; lastKnownFileType = sourcecode.swift; path = EntityProtocol.swift; sourceTree = "<group>"; };
		44FBB36F29162CC900642786 /* API.swift */ = {isa = PBXFileReference; lastKnownFileType = sourcecode.swift; path = API.swift; sourceTree = "<group>"; };
		44FBB37129162EFF00642786 /* JsonResponse.swift */ = {isa = PBXFileReference; lastKnownFileType = sourcecode.swift; path = JsonResponse.swift; sourceTree = "<group>"; };
/* End PBXFileReference section */

/* Begin PBXFrameworksBuildPhase section */
		44FBB2FC2906A31000642786 /* Frameworks */ = {
			isa = PBXFrameworksBuildPhase;
			buildActionMask = 2147483647;
			files = (
			);
			runOnlyForDeploymentPostprocessing = 0;
		};
		44FBB30C2906A31200642786 /* Frameworks */ = {
			isa = PBXFrameworksBuildPhase;
			buildActionMask = 2147483647;
			files = (
			);
			runOnlyForDeploymentPostprocessing = 0;
		};
		44FBB3162906A31200642786 /* Frameworks */ = {
			isa = PBXFrameworksBuildPhase;
			buildActionMask = 2147483647;
			files = (
			);
			runOnlyForDeploymentPostprocessing = 0;
		};
/* End PBXFrameworksBuildPhase section */

/* Begin PBXGroup section */
		44FBB2F62906A31000642786 = {
			isa = PBXGroup;
			children = (
				44FBB3012906A31000642786 /* Beluga */,
				44FBB3122906A31200642786 /* BelugaTests */,
				44FBB31C2906A31200642786 /* BelugaUITests */,
				44FBB3002906A31000642786 /* Products */,
			);
			sourceTree = "<group>";
		};
		44FBB3002906A31000642786 /* Products */ = {
			isa = PBXGroup;
			children = (
				44FBB2FF2906A31000642786 /* Beluga.app */,
				44FBB30F2906A31200642786 /* BelugaTests.xctest */,
				44FBB3192906A31200642786 /* BelugaUITests.xctest */,
			);
			name = Products;
			sourceTree = "<group>";
		};
		44FBB3012906A31000642786 /* Beluga */ = {
			isa = PBXGroup;
			children = (
				44FBB361291604C000642786 /* Extension.swift */,
				44FBB36B29161D4400642786 /* EntityProtocol.swift */,
				44FBB36F29162CC900642786 /* API.swift */,
				44FBB36929160EAB00642786 /* Endpoint.swift */,
				44FBB3602916048A00642786 /* OAuth */,
				44FBB35B290D985200642786 /* Info.plist */,
				44FBB3022906A31000642786 /* BelugaApp.swift */,
				44FBB34D290D76C200642786 /* Config */,
				44FBB33E290BFB2C00642786 /* View */,
				44FBB33A290BD42200642786 /* JsonResponse */,
				44FBB32F290BCF1C00642786 /* Entity */,
				44FBB3042906A31000642786 /* ContentView.swift */,
				44FBB32C290BCD3500642786 /* Model */,
				44FBB3062906A31100642786 /* Assets.xcassets */,
				44FBB3082906A31100642786 /* Preview Content */,
			);
			path = Beluga;
			sourceTree = "<group>";
		};
		44FBB3082906A31100642786 /* Preview Content */ = {
			isa = PBXGroup;
			children = (
				44FBB3092906A31100642786 /* Preview Assets.xcassets */,
			);
			path = "Preview Content";
			sourceTree = "<group>";
		};
		44FBB3122906A31200642786 /* BelugaTests */ = {
			isa = PBXGroup;
			children = (
				44FBB3132906A31200642786 /* BelugaTests.swift */,
			);
			path = BelugaTests;
			sourceTree = "<group>";
		};
		44FBB31C2906A31200642786 /* BelugaUITests */ = {
			isa = PBXGroup;
			children = (
				44FBB31D2906A31200642786 /* BelugaUITests.swift */,
				44FBB31F2906A31200642786 /* BelugaUITestsLaunchTests.swift */,
			);
			path = BelugaUITests;
			sourceTree = "<group>";
		};
		44FBB32C290BCD3500642786 /* Model */ = {
			isa = PBXGroup;
			children = (
				44FBB32D290BCD6F00642786 /* TimelineModel.swift */,
			);
			path = Model;
			sourceTree = "<group>";
		};
		44FBB32F290BCF1C00642786 /* Entity */ = {
			isa = PBXGroup;
			children = (
				44FBB330290BCF2800642786 /* Message.swift */,
				44FBB336290BD22E00642786 /* ChannelGroup.swift */,
				44FBB332290BD12700642786 /* Channel.swift */,
				44FBB338290BD31600642786 /* File.swift */,
				44FBB334290BD13300642786 /* User.swift */,
			);
			path = Entity;
			sourceTree = "<group>";
		};
		44FBB33A290BD42200642786 /* JsonResponse */ = {
			isa = PBXGroup;
			children = (
				44FBB356290D77FD00642786 /* OAuth */,
				44FBB33B290BD45F00642786 /* Timeline */,
				44FBB37129162EFF00642786 /* JsonResponse.swift */,
			);
			path = JsonResponse;
			sourceTree = "<group>";
		};
		44FBB33B290BD45F00642786 /* Timeline */ = {
			isa = PBXGroup;
			children = (
				44FBB33C290BD46900642786 /* TimelineChannelJsonResponse.swift */,
			);
			path = Timeline;
			sourceTree = "<group>";
		};
		44FBB33E290BFB2C00642786 /* View */ = {
			isa = PBXGroup;
			children = (
				44FBB340290BFB8600642786 /* Message */,
				44FBB33F290BFB4000642786 /* Timeline */,
			);
			path = View;
			sourceTree = "<group>";
		};
		44FBB33F290BFB4000642786 /* Timeline */ = {
			isa = PBXGroup;
			children = (
				44FBB345290BFEE100642786 /* TimelineViewModel.swift */,
				44FBB347290BFF2500642786 /* TimelineView.swift */,
			);
			path = Timeline;
			sourceTree = "<group>";
		};
		44FBB340290BFB8600642786 /* Message */ = {
			isa = PBXGroup;
			children = (
				44FBB341290BFB9800642786 /* MessageView.swift */,
				44FBB343290BFBDF00642786 /* MessageViewModel.swift */,
			);
			path = Message;
			sourceTree = "<group>";
		};
		44FBB34D290D76C200642786 /* Config */ = {
			isa = PBXGroup;
			children = (
				44FBB34E290D76CD00642786 /* Config.template.swift */,
				44FBB354290D77AE00642786 /* Config.swift */,
			);
			path = Config;
			sourceTree = "<group>";
		};
		44FBB356290D77FD00642786 /* OAuth */ = {
			isa = PBXGroup;
			children = (
				44FBB357290D780D00642786 /* RequestTokenJsonResponse.swift */,
				44FBB35E290EAF3500642786 /* AccessTokenJsonResponse.swift */,
			);
			path = OAuth;
			sourceTree = "<group>";
		};
		44FBB3602916048A00642786 /* OAuth */ = {
			isa = PBXGroup;
			children = (
				44FBB349290D74B200642786 /* OAuthFunctions.swift */,
				44FBB36729160C3A00642786 /* OAuthError.swift */,
				44FBB363291606DE00642786 /* OAuthRequest.swift */,
				44FBB365291609E600642786 /* OAuthCredential.swift */,
			);
			path = OAuth;
			sourceTree = "<group>";
		};
/* End PBXGroup section */

/* Begin PBXNativeTarget section */
		44FBB2FE2906A31000642786 /* Beluga */ = {
			isa = PBXNativeTarget;
			buildConfigurationList = 44FBB3232906A31200642786 /* Build configuration list for PBXNativeTarget "Beluga" */;
			buildPhases = (
				44FBB2FB2906A31000642786 /* Sources */,
				44FBB2FC2906A31000642786 /* Frameworks */,
				44FBB2FD2906A31000642786 /* Resources */,
			);
			buildRules = (
			);
			dependencies = (
			);
			name = Beluga;
			productName = Beluga;
			productReference = 44FBB2FF2906A31000642786 /* Beluga.app */;
			productType = "com.apple.product-type.application";
		};
		44FBB30E2906A31200642786 /* BelugaTests */ = {
			isa = PBXNativeTarget;
			buildConfigurationList = 44FBB3262906A31200642786 /* Build configuration list for PBXNativeTarget "BelugaTests" */;
			buildPhases = (
				44FBB30B2906A31200642786 /* Sources */,
				44FBB30C2906A31200642786 /* Frameworks */,
				44FBB30D2906A31200642786 /* Resources */,
			);
			buildRules = (
			);
			dependencies = (
				44FBB3112906A31200642786 /* PBXTargetDependency */,
			);
			name = BelugaTests;
			productName = BelugaTests;
			productReference = 44FBB30F2906A31200642786 /* BelugaTests.xctest */;
			productType = "com.apple.product-type.bundle.unit-test";
		};
		44FBB3182906A31200642786 /* BelugaUITests */ = {
			isa = PBXNativeTarget;
			buildConfigurationList = 44FBB3292906A31200642786 /* Build configuration list for PBXNativeTarget "BelugaUITests" */;
			buildPhases = (
				44FBB3152906A31200642786 /* Sources */,
				44FBB3162906A31200642786 /* Frameworks */,
				44FBB3172906A31200642786 /* Resources */,
			);
			buildRules = (
			);
			dependencies = (
				44FBB31B2906A31200642786 /* PBXTargetDependency */,
			);
			name = BelugaUITests;
			productName = BelugaUITests;
			productReference = 44FBB3192906A31200642786 /* BelugaUITests.xctest */;
			productType = "com.apple.product-type.bundle.ui-testing";
		};
/* End PBXNativeTarget section */

/* Begin PBXProject section */
		44FBB2F72906A31000642786 /* Project object */ = {
			isa = PBXProject;
			attributes = {
				BuildIndependentTargetsInParallel = 1;
				LastSwiftUpdateCheck = 1400;
				LastUpgradeCheck = 1400;
				TargetAttributes = {
					44FBB2FE2906A31000642786 = {
						CreatedOnToolsVersion = 14.0.1;
					};
					44FBB30E2906A31200642786 = {
						CreatedOnToolsVersion = 14.0.1;
						TestTargetID = 44FBB2FE2906A31000642786;
					};
					44FBB3182906A31200642786 = {
						CreatedOnToolsVersion = 14.0.1;
						TestTargetID = 44FBB2FE2906A31000642786;
					};
				};
			};
			buildConfigurationList = 44FBB2FA2906A31000642786 /* Build configuration list for PBXProject "Beluga" */;
			compatibilityVersion = "Xcode 14.0";
			developmentRegion = en;
			hasScannedForEncodings = 0;
			knownRegions = (
				en,
				Base,
			);
			mainGroup = 44FBB2F62906A31000642786;
			productRefGroup = 44FBB3002906A31000642786 /* Products */;
			projectDirPath = "";
			projectRoot = "";
			targets = (
				44FBB2FE2906A31000642786 /* Beluga */,
				44FBB30E2906A31200642786 /* BelugaTests */,
				44FBB3182906A31200642786 /* BelugaUITests */,
			);
		};
/* End PBXProject section */

/* Begin PBXResourcesBuildPhase section */
		44FBB2FD2906A31000642786 /* Resources */ = {
			isa = PBXResourcesBuildPhase;
			buildActionMask = 2147483647;
			files = (
				44FBB30A2906A31100642786 /* Preview Assets.xcassets in Resources */,
				44FBB3072906A31100642786 /* Assets.xcassets in Resources */,
			);
			runOnlyForDeploymentPostprocessing = 0;
		};
		44FBB30D2906A31200642786 /* Resources */ = {
			isa = PBXResourcesBuildPhase;
			buildActionMask = 2147483647;
			files = (
			);
			runOnlyForDeploymentPostprocessing = 0;
		};
		44FBB3172906A31200642786 /* Resources */ = {
			isa = PBXResourcesBuildPhase;
			buildActionMask = 2147483647;
			files = (
			);
			runOnlyForDeploymentPostprocessing = 0;
		};
/* End PBXResourcesBuildPhase section */

/* Begin PBXSourcesBuildPhase section */
		44FBB2FB2906A31000642786 /* Sources */ = {
			isa = PBXSourcesBuildPhase;
			buildActionMask = 2147483647;
			files = (
				44FBB344290BFBDF00642786 /* MessageViewModel.swift in Sources */,
				44FBB34F290D76CD00642786 /* Config.template.swift in Sources */,
				44FBB346290BFEE100642786 /* TimelineViewModel.swift in Sources */,
				44FBB364291606DE00642786 /* OAuthRequest.swift in Sources */,
				44FBB331290BCF2800642786 /* Message.swift in Sources */,
				44FBB35F290EAF3500642786 /* AccessTokenJsonResponse.swift in Sources */,
				44FBB358290D780D00642786 /* RequestTokenJsonResponse.swift in Sources */,
				44FBB37029162CC900642786 /* API.swift in Sources */,
				44FBB335290BD13300642786 /* User.swift in Sources */,
				44FBB36829160C3A00642786 /* OAuthError.swift in Sources */,
				44FBB37229162EFF00642786 /* JsonResponse.swift in Sources */,
				44FBB337290BD22E00642786 /* ChannelGroup.swift in Sources */,
				44FBB3052906A31000642786 /* ContentView.swift in Sources */,
				44FBB342290BFB9800642786 /* MessageView.swift in Sources */,
				44FBB34A290D74B200642786 /* OAuthFunctions.swift in Sources */,
				44FBB3032906A31000642786 /* BelugaApp.swift in Sources */,
				44FBB36C29161D4400642786 /* EntityProtocol.swift in Sources */,
				44FBB339290BD31600642786 /* File.swift in Sources */,
				44FBB366291609E600642786 /* OAuthCredential.swift in Sources */,
				44FBB362291604C000642786 /* Extension.swift in Sources */,
				44FBB36A29160EAB00642786 /* Endpoint.swift in Sources */,
				44FBB32E290BCD6F00642786 /* TimelineModel.swift in Sources */,
				44FBB33D290BD46900642786 /* TimelineChannelJsonResponse.swift in Sources */,
				44FBB355290D77AE00642786 /* Config.swift in Sources */,
				44FBB333290BD12700642786 /* Channel.swift in Sources */,
				44FBB348290BFF2500642786 /* TimelineView.swift in Sources */,
			);
			runOnlyForDeploymentPostprocessing = 0;
		};
		44FBB30B2906A31200642786 /* Sources */ = {
			isa = PBXSourcesBuildPhase;
			buildActionMask = 2147483647;
			files = (
				44FBB3142906A31200642786 /* BelugaTests.swift in Sources */,
			);
			runOnlyForDeploymentPostprocessing = 0;
		};
		44FBB3152906A31200642786 /* Sources */ = {
			isa = PBXSourcesBuildPhase;
			buildActionMask = 2147483647;
			files = (
				44FBB3202906A31200642786 /* BelugaUITestsLaunchTests.swift in Sources */,
				44FBB31E2906A31200642786 /* BelugaUITests.swift in Sources */,
			);
			runOnlyForDeploymentPostprocessing = 0;
		};
/* End PBXSourcesBuildPhase section */

/* Begin PBXTargetDependency section */
		44FBB3112906A31200642786 /* PBXTargetDependency */ = {
			isa = PBXTargetDependency;
			target = 44FBB2FE2906A31000642786 /* Beluga */;
			targetProxy = 44FBB3102906A31200642786 /* PBXContainerItemProxy */;
		};
		44FBB31B2906A31200642786 /* PBXTargetDependency */ = {
			isa = PBXTargetDependency;
			target = 44FBB2FE2906A31000642786 /* Beluga */;
			targetProxy = 44FBB31A2906A31200642786 /* PBXContainerItemProxy */;
		};
/* End PBXTargetDependency section */

/* Begin XCBuildConfiguration section */
		44FBB3212906A31200642786 /* Debug */ = {
			isa = XCBuildConfiguration;
			buildSettings = {
				ALWAYS_SEARCH_USER_PATHS = NO;
				CLANG_ANALYZER_NONNULL = YES;
				CLANG_ANALYZER_NUMBER_OBJECT_CONVERSION = YES_AGGRESSIVE;
				CLANG_CXX_LANGUAGE_STANDARD = "gnu++20";
				CLANG_ENABLE_MODULES = YES;
				CLANG_ENABLE_OBJC_ARC = YES;
				CLANG_ENABLE_OBJC_WEAK = YES;
				CLANG_WARN_BLOCK_CAPTURE_AUTORELEASING = YES;
				CLANG_WARN_BOOL_CONVERSION = YES;
				CLANG_WARN_COMMA = YES;
				CLANG_WARN_CONSTANT_CONVERSION = YES;
				CLANG_WARN_DEPRECATED_OBJC_IMPLEMENTATIONS = YES;
				CLANG_WARN_DIRECT_OBJC_ISA_USAGE = YES_ERROR;
				CLANG_WARN_DOCUMENTATION_COMMENTS = YES;
				CLANG_WARN_EMPTY_BODY = YES;
				CLANG_WARN_ENUM_CONVERSION = YES;
				CLANG_WARN_INFINITE_RECURSION = YES;
				CLANG_WARN_INT_CONVERSION = YES;
				CLANG_WARN_NON_LITERAL_NULL_CONVERSION = YES;
				CLANG_WARN_OBJC_IMPLICIT_RETAIN_SELF = YES;
				CLANG_WARN_OBJC_LITERAL_CONVERSION = YES;
				CLANG_WARN_OBJC_ROOT_CLASS = YES_ERROR;
				CLANG_WARN_QUOTED_INCLUDE_IN_FRAMEWORK_HEADER = YES;
				CLANG_WARN_RANGE_LOOP_ANALYSIS = YES;
				CLANG_WARN_STRICT_PROTOTYPES = YES;
				CLANG_WARN_SUSPICIOUS_MOVE = YES;
				CLANG_WARN_UNGUARDED_AVAILABILITY = YES_AGGRESSIVE;
				CLANG_WARN_UNREACHABLE_CODE = YES;
				CLANG_WARN__DUPLICATE_METHOD_MATCH = YES;
				COPY_PHASE_STRIP = NO;
				DEBUG_INFORMATION_FORMAT = dwarf;
				ENABLE_STRICT_OBJC_MSGSEND = YES;
				ENABLE_TESTABILITY = YES;
				GCC_C_LANGUAGE_STANDARD = gnu11;
				GCC_DYNAMIC_NO_PIC = NO;
				GCC_NO_COMMON_BLOCKS = YES;
				GCC_OPTIMIZATION_LEVEL = 0;
				GCC_PREPROCESSOR_DEFINITIONS = (
					"DEBUG=1",
					"$(inherited)",
				);
				GCC_WARN_64_TO_32_BIT_CONVERSION = YES;
				GCC_WARN_ABOUT_RETURN_TYPE = YES_ERROR;
				GCC_WARN_UNDECLARED_SELECTOR = YES;
				GCC_WARN_UNINITIALIZED_AUTOS = YES_AGGRESSIVE;
				GCC_WARN_UNUSED_FUNCTION = YES;
				GCC_WARN_UNUSED_VARIABLE = YES;
				IPHONEOS_DEPLOYMENT_TARGET = 16.0;
				MTL_ENABLE_DEBUG_INFO = INCLUDE_SOURCE;
				MTL_FAST_MATH = YES;
				ONLY_ACTIVE_ARCH = YES;
				SDKROOT = iphoneos;
				SWIFT_ACTIVE_COMPILATION_CONDITIONS = DEBUG;
				SWIFT_OPTIMIZATION_LEVEL = "-Onone";
			};
			name = Debug;
		};
		44FBB3222906A31200642786 /* Release */ = {
			isa = XCBuildConfiguration;
			buildSettings = {
				ALWAYS_SEARCH_USER_PATHS = NO;
				CLANG_ANALYZER_NONNULL = YES;
				CLANG_ANALYZER_NUMBER_OBJECT_CONVERSION = YES_AGGRESSIVE;
				CLANG_CXX_LANGUAGE_STANDARD = "gnu++20";
				CLANG_ENABLE_MODULES = YES;
				CLANG_ENABLE_OBJC_ARC = YES;
				CLANG_ENABLE_OBJC_WEAK = YES;
				CLANG_WARN_BLOCK_CAPTURE_AUTORELEASING = YES;
				CLANG_WARN_BOOL_CONVERSION = YES;
				CLANG_WARN_COMMA = YES;
				CLANG_WARN_CONSTANT_CONVERSION = YES;
				CLANG_WARN_DEPRECATED_OBJC_IMPLEMENTATIONS = YES;
				CLANG_WARN_DIRECT_OBJC_ISA_USAGE = YES_ERROR;
				CLANG_WARN_DOCUMENTATION_COMMENTS = YES;
				CLANG_WARN_EMPTY_BODY = YES;
				CLANG_WARN_ENUM_CONVERSION = YES;
				CLANG_WARN_INFINITE_RECURSION = YES;
				CLANG_WARN_INT_CONVERSION = YES;
				CLANG_WARN_NON_LITERAL_NULL_CONVERSION = YES;
				CLANG_WARN_OBJC_IMPLICIT_RETAIN_SELF = YES;
				CLANG_WARN_OBJC_LITERAL_CONVERSION = YES;
				CLANG_WARN_OBJC_ROOT_CLASS = YES_ERROR;
				CLANG_WARN_QUOTED_INCLUDE_IN_FRAMEWORK_HEADER = YES;
				CLANG_WARN_RANGE_LOOP_ANALYSIS = YES;
				CLANG_WARN_STRICT_PROTOTYPES = YES;
				CLANG_WARN_SUSPICIOUS_MOVE = YES;
				CLANG_WARN_UNGUARDED_AVAILABILITY = YES_AGGRESSIVE;
				CLANG_WARN_UNREACHABLE_CODE = YES;
				CLANG_WARN__DUPLICATE_METHOD_MATCH = YES;
				COPY_PHASE_STRIP = NO;
				DEBUG_INFORMATION_FORMAT = "dwarf-with-dsym";
				ENABLE_NS_ASSERTIONS = NO;
				ENABLE_STRICT_OBJC_MSGSEND = YES;
				GCC_C_LANGUAGE_STANDARD = gnu11;
				GCC_NO_COMMON_BLOCKS = YES;
				GCC_WARN_64_TO_32_BIT_CONVERSION = YES;
				GCC_WARN_ABOUT_RETURN_TYPE = YES_ERROR;
				GCC_WARN_UNDECLARED_SELECTOR = YES;
				GCC_WARN_UNINITIALIZED_AUTOS = YES_AGGRESSIVE;
				GCC_WARN_UNUSED_FUNCTION = YES;
				GCC_WARN_UNUSED_VARIABLE = YES;
				IPHONEOS_DEPLOYMENT_TARGET = 16.0;
				MTL_ENABLE_DEBUG_INFO = NO;
				MTL_FAST_MATH = YES;
				SDKROOT = iphoneos;
				SWIFT_COMPILATION_MODE = wholemodule;
				SWIFT_OPTIMIZATION_LEVEL = "-O";
				VALIDATE_PRODUCT = YES;
			};
			name = Release;
		};
		44FBB3242906A31200642786 /* Debug */ = {
			isa = XCBuildConfiguration;
			buildSettings = {
				ASSETCATALOG_COMPILER_APPICON_NAME = AppIcon;
				ASSETCATALOG_COMPILER_GLOBAL_ACCENT_COLOR_NAME = AccentColor;
				CODE_SIGN_STYLE = Automatic;
				CURRENT_PROJECT_VERSION = 1;
				DEVELOPMENT_ASSET_PATHS = "\"Beluga/Preview Content\"";
				ENABLE_PREVIEWS = YES;
				GENERATE_INFOPLIST_FILE = YES;
				INFOPLIST_FILE = Beluga/Info.plist;
				INFOPLIST_KEY_UIApplicationSceneManifest_Generation = YES;
				INFOPLIST_KEY_UIApplicationSupportsIndirectInputEvents = YES;
				INFOPLIST_KEY_UILaunchScreen_Generation = YES;
				INFOPLIST_KEY_UISupportedInterfaceOrientations_iPad = "UIInterfaceOrientationPortrait UIInterfaceOrientationPortraitUpsideDown UIInterfaceOrientationLandscapeLeft UIInterfaceOrientationLandscapeRight";
				INFOPLIST_KEY_UISupportedInterfaceOrientations_iPhone = "UIInterfaceOrientationPortrait UIInterfaceOrientationLandscapeLeft UIInterfaceOrientationLandscapeRight";
				IPHONEOS_DEPLOYMENT_TARGET = 15.0;
				LD_RUNPATH_SEARCH_PATHS = (
					"$(inherited)",
					"@executable_path/Frameworks",
				);
				MARKETING_VERSION = 1.0;
				PRODUCT_BUNDLE_IDENTIFIER = fm.beluga.Beluga;
				PRODUCT_NAME = "$(TARGET_NAME)";
				SWIFT_EMIT_LOC_STRINGS = YES;
				SWIFT_VERSION = 5.0;
				TARGETED_DEVICE_FAMILY = "1,2";
			};
			name = Debug;
		};
		44FBB3252906A31200642786 /* Release */ = {
			isa = XCBuildConfiguration;
			buildSettings = {
				ASSETCATALOG_COMPILER_APPICON_NAME = AppIcon;
				ASSETCATALOG_COMPILER_GLOBAL_ACCENT_COLOR_NAME = AccentColor;
				CODE_SIGN_STYLE = Automatic;
				CURRENT_PROJECT_VERSION = 1;
				DEVELOPMENT_ASSET_PATHS = "\"Beluga/Preview Content\"";
				ENABLE_PREVIEWS = YES;
				GENERATE_INFOPLIST_FILE = YES;
				INFOPLIST_FILE = Beluga/Info.plist;
				INFOPLIST_KEY_UIApplicationSceneManifest_Generation = YES;
				INFOPLIST_KEY_UIApplicationSupportsIndirectInputEvents = YES;
				INFOPLIST_KEY_UILaunchScreen_Generation = YES;
				INFOPLIST_KEY_UISupportedInterfaceOrientations_iPad = "UIInterfaceOrientationPortrait UIInterfaceOrientationPortraitUpsideDown UIInterfaceOrientationLandscapeLeft UIInterfaceOrientationLandscapeRight";
				INFOPLIST_KEY_UISupportedInterfaceOrientations_iPhone = "UIInterfaceOrientationPortrait UIInterfaceOrientationLandscapeLeft UIInterfaceOrientationLandscapeRight";
				IPHONEOS_DEPLOYMENT_TARGET = 15.0;
				LD_RUNPATH_SEARCH_PATHS = (
					"$(inherited)",
					"@executable_path/Frameworks",
				);
				MARKETING_VERSION = 1.0;
				PRODUCT_BUNDLE_IDENTIFIER = fm.beluga.Beluga;
				PRODUCT_NAME = "$(TARGET_NAME)";
				SWIFT_EMIT_LOC_STRINGS = YES;
				SWIFT_VERSION = 5.0;
				TARGETED_DEVICE_FAMILY = "1,2";
			};
			name = Release;
		};
		44FBB3272906A31200642786 /* Debug */ = {
			isa = XCBuildConfiguration;
			buildSettings = {
				ALWAYS_EMBED_SWIFT_STANDARD_LIBRARIES = YES;
				BUNDLE_LOADER = "$(TEST_HOST)";
				CODE_SIGN_STYLE = Automatic;
				CURRENT_PROJECT_VERSION = 1;
				GENERATE_INFOPLIST_FILE = YES;
				IPHONEOS_DEPLOYMENT_TARGET = 16.0;
				MARKETING_VERSION = 1.0;
				PRODUCT_BUNDLE_IDENTIFIER = fm.beluga.BelugaTests;
				PRODUCT_NAME = "$(TARGET_NAME)";
				SWIFT_EMIT_LOC_STRINGS = NO;
				SWIFT_VERSION = 5.0;
				TARGETED_DEVICE_FAMILY = "1,2";
				TEST_HOST = "$(BUILT_PRODUCTS_DIR)/Beluga.app/$(BUNDLE_EXECUTABLE_FOLDER_PATH)/Beluga";
			};
			name = Debug;
		};
		44FBB3282906A31200642786 /* Release */ = {
			isa = XCBuildConfiguration;
			buildSettings = {
				ALWAYS_EMBED_SWIFT_STANDARD_LIBRARIES = YES;
				BUNDLE_LOADER = "$(TEST_HOST)";
				CODE_SIGN_STYLE = Automatic;
				CURRENT_PROJECT_VERSION = 1;
				GENERATE_INFOPLIST_FILE = YES;
				IPHONEOS_DEPLOYMENT_TARGET = 16.0;
				MARKETING_VERSION = 1.0;
				PRODUCT_BUNDLE_IDENTIFIER = fm.beluga.BelugaTests;
				PRODUCT_NAME = "$(TARGET_NAME)";
				SWIFT_EMIT_LOC_STRINGS = NO;
				SWIFT_VERSION = 5.0;
				TARGETED_DEVICE_FAMILY = "1,2";
				TEST_HOST = "$(BUILT_PRODUCTS_DIR)/Beluga.app/$(BUNDLE_EXECUTABLE_FOLDER_PATH)/Beluga";
			};
			name = Release;
		};
		44FBB32A2906A31200642786 /* Debug */ = {
			isa = XCBuildConfiguration;
			buildSettings = {
				ALWAYS_EMBED_SWIFT_STANDARD_LIBRARIES = YES;
				CODE_SIGN_STYLE = Automatic;
				CURRENT_PROJECT_VERSION = 1;
				GENERATE_INFOPLIST_FILE = YES;
				MARKETING_VERSION = 1.0;
				PRODUCT_BUNDLE_IDENTIFIER = fm.beluga.BelugaUITests;
				PRODUCT_NAME = "$(TARGET_NAME)";
				SWIFT_EMIT_LOC_STRINGS = NO;
				SWIFT_VERSION = 5.0;
				TARGETED_DEVICE_FAMILY = "1,2";
				TEST_TARGET_NAME = Beluga;
			};
			name = Debug;
		};
		44FBB32B2906A31200642786 /* Release */ = {
			isa = XCBuildConfiguration;
			buildSettings = {
				ALWAYS_EMBED_SWIFT_STANDARD_LIBRARIES = YES;
				CODE_SIGN_STYLE = Automatic;
				CURRENT_PROJECT_VERSION = 1;
				GENERATE_INFOPLIST_FILE = YES;
				MARKETING_VERSION = 1.0;
				PRODUCT_BUNDLE_IDENTIFIER = fm.beluga.BelugaUITests;
				PRODUCT_NAME = "$(TARGET_NAME)";
				SWIFT_EMIT_LOC_STRINGS = NO;
				SWIFT_VERSION = 5.0;
				TARGETED_DEVICE_FAMILY = "1,2";
				TEST_TARGET_NAME = Beluga;
			};
			name = Release;
		};
/* End XCBuildConfiguration section */

/* Begin XCConfigurationList section */
		44FBB2FA2906A31000642786 /* Build configuration list for PBXProject "Beluga" */ = {
			isa = XCConfigurationList;
			buildConfigurations = (
				44FBB3212906A31200642786 /* Debug */,
				44FBB3222906A31200642786 /* Release */,
			);
			defaultConfigurationIsVisible = 0;
			defaultConfigurationName = Release;
		};
		44FBB3232906A31200642786 /* Build configuration list for PBXNativeTarget "Beluga" */ = {
			isa = XCConfigurationList;
			buildConfigurations = (
				44FBB3242906A31200642786 /* Debug */,
				44FBB3252906A31200642786 /* Release */,
			);
			defaultConfigurationIsVisible = 0;
			defaultConfigurationName = Release;
		};
		44FBB3262906A31200642786 /* Build configuration list for PBXNativeTarget "BelugaTests" */ = {
			isa = XCConfigurationList;
			buildConfigurations = (
				44FBB3272906A31200642786 /* Debug */,
				44FBB3282906A31200642786 /* Release */,
			);
			defaultConfigurationIsVisible = 0;
			defaultConfigurationName = Release;
		};
		44FBB3292906A31200642786 /* Build configuration list for PBXNativeTarget "BelugaUITests" */ = {
			isa = XCConfigurationList;
			buildConfigurations = (
				44FBB32A2906A31200642786 /* Debug */,
				44FBB32B2906A31200642786 /* Release */,
			);
			defaultConfigurationIsVisible = 0;
			defaultConfigurationName = Release;
		};
/* End XCConfigurationList section */
	};
	rootObject = 44FBB2F72906A31000642786 /* Project object */;
}
